
Microsoft Visual Studio Solution File, Format Version 12.00
# Visual Studio for Mac
Project("{FAE04EC0-301F-11D3-BF4B-00C04F79EFBC}") = "ARKit_gARvity Mk. I", "ARKit_gARvity Mk. I.csproj", "{EC7B18D1-85E3-BAD3-6DEE-54D5B77ABCC9}"
EndProject
Project("{FAE04EC0-301F-11D3-BF4B-00C04F79EFBC}") = "ARKit_gARvity Mk. I.Editor", "ARKit_gARvity Mk. I.Editor.csproj", "{A647ED9A-36B7-1638-E4BB-F7329855D346}"
EndProject
Global
	GlobalSection(SolutionConfigurationPlatforms) = preSolution
		Debug|Any CPU = Debug|Any CPU
		Release|Any CPU = Release|Any CPU
	EndGlobalSection
	GlobalSection(ProjectConfigurationPlatforms) = postSolution
		{EC7B18D1-85E3-BAD3-6DEE-54D5B77ABCC9}.Debug|Any CPU.ActiveCfg = Debug|Any CPU
		{EC7B18D1-85E3-BAD3-6DEE-54D5B77ABCC9}.Debug|Any CPU.Build.0 = Debug|Any CPU
		{EC7B18D1-85E3-BAD3-6DEE-54D5B77ABCC9}.Release|Any CPU.ActiveCfg = Release|Any CPU
		{EC7B18D1-85E3-BAD3-6DEE-54D5B77ABCC9}.Release|Any CPU.Build.0 = Release|Any CPU
		{A647ED9A-36B7-1638-E4BB-F7329855D346}.Debug|Any CPU.ActiveCfg = Debug|Any CPU
		{A647ED9A-36B7-1638-E4BB-F7329855D346}.Debug|Any CPU.Build.0 = Debug|Any CPU
		{A647ED9A-36B7-1638-E4BB-F7329855D346}.Release|Any CPU.ActiveCfg = Release|Any CPU
		{A647ED9A-36B7-1638-E4BB-F7329855D346}.Release|Any CPU.Build.0 = Release|Any CPU
	EndGlobalSection
	GlobalSection(SolutionProperties) = preSolution
		HideSolutionNode = FALSE
	EndGlobalSection
EndGlobal
